Microsoft Visual Studio Solution File, Format Version 12.00
# Visual Studio Version 17
VisualStudioVersion = 17.5.2.0
MinimumVisualStudioVersion = 10.0.40219.1
Project("{FAE04EC0-301F-11D3-BF4B-00C04F79EFBC}") = "StorageWars", "StorageWars\StorageWars.csproj", "{85005986-38FE-9964-A930-32A47683E801}"
EndProject
Project("{2150E333-8FDC-42A3-9474-1A3956D46DE8}") = "StorageWars---GameProgramming2", "StorageWars---GameProgramming2", "{76C74D30-3E7A-D4A2-24F3-78D0E79171B1}"
EndProject
Project("{FAE04EC0-301F-11D3-BF4B-00C04F79EFBC}") = "StorageWars", "StorageWars---GameProgramming2\StorageWars\StorageWars.csproj", "{BBC6ED4E-5A90-FEEF-FF91-7A120832DB36}"
EndProject
Global
	GlobalSection(SolutionConfigurationPlatforms) = preSolution
		Debug|Any CPU = Debug|Any CPU
		Release|Any CPU = Release|Any CPU
	EndGlobalSection
	GlobalSection(ProjectConfigurationPlatforms) = postSolution
		{85005986-38FE-9964-A930-32A47683E801}.Debug|Any CPU.ActiveCfg = Debug|Any CPU
		{85005986-38FE-9964-A930-32A47683E801}.Debug|Any CPU.Build.0 = Debug|Any CPU
		{85005986-38FE-9964-A930-32A47683E801}.Release|Any CPU.ActiveCfg = Release|Any CPU
		{85005986-38FE-9964-A930-32A47683E801}.Release|Any CPU.Build.0 = Release|Any CPU
		{BBC6ED4E-5A90-FEEF-FF91-7A120832DB36}.Debug|Any CPU.ActiveCfg = Debug|Any CPU
		{BBC6ED4E-5A90-FEEF-FF91-7A120832DB36}.Debug|Any CPU.Build.0 = Debug|Any CPU
		{BBC6ED4E-5A90-FEEF-FF91-7A120832DB36}.Release|Any CPU.ActiveCfg = Release|Any CPU
		{BBC6ED4E-5A90-FEEF-FF91-7A120832DB36}.Release|Any CPU.Build.0 = Release|Any CPU
	EndGlobalSection
	GlobalSection(SolutionProperties) = preSolution
		HideSolutionNode = FALSE
	EndGlobalSection
	GlobalSection(NestedProjects) = preSolution
		{BBC6ED4E-5A90-FEEF-FF91-7A120832DB36} = {76C74D30-3E7A-D4A2-24F3-78D0E79171B1}
	EndGlobalSection
	GlobalSection(ExtensibilityGlobals) = postSolution
		SolutionGuid = {49E5E5AD-8C7D-4ABE-BFFD-4B497573DFB4}
	EndGlobalSection
EndGlobal
