Microsoft Visual Studio Solution File, Format Version 12.00
# Visual Studio Version 17
VisualStudioVersion = 17.5.2.0
MinimumVisualStudioVersion = 10.0.40219.1
Project("{FAE04EC0-301F-11D3-BF4B-00C04F79EFBC}") = "StorageWars", "StorageWars.csproj", "{A937F693-3E01-C03D-793C-6920EDCEAE05}"
EndProject
Global
	GlobalSection(SolutionConfigurationPlatforms) = preSolution
		Debug|Any CPU = Debug|Any CPU
		Release|Any CPU = Release|Any CPU
	EndGlobalSection
	GlobalSection(ProjectConfigurationPlatforms) = postSolution
		{A937F693-3E01-C03D-793C-6920EDCEAE05}.Debug|Any CPU.ActiveCfg = Debug|Any CPU
		{A937F693-3E01-C03D-793C-6920EDCEAE05}.Debug|Any CPU.Build.0 = Debug|Any CPU
		{A937F693-3E01-C03D-793C-6920EDCEAE05}.Release|Any CPU.ActiveCfg = Release|Any CPU
		{A937F693-3E01-C03D-793C-6920EDCEAE05}.Release|Any CPU.Build.0 = Release|Any CPU
	EndGlobalSection
	GlobalSection(SolutionProperties) = preSolution
		HideSolutionNode = FALSE
	EndGlobalSection
	GlobalSection(ExtensibilityGlobals) = postSolution
		SolutionGuid = {781692AE-D236-432B-BC77-BE4279E0EC6D}
	EndGlobalSection
EndGlobal
